<?xml version="1.0" encoding="utf-8"?>
<Project ToolsVersion="4.0" xmlns="http://schemas.microsoft.com/developer/msbuild/2003">
  <ItemGroup>
    <Filter Include="win32">
      <UniqueIdentifier>{84a8ebd7-7cf0-47f6-b75e-d441df67da40}</UniqueIdentifier>
    </Filter>
    <Filter Include="resource">
      <UniqueIdentifier>{715254bc-d70b-4ec5-bf29-467dd3ace079}</UniqueIdentifier>
    </Filter>
    <Filter Include="src">
      <UniqueIdentifier>{bb6c862e-70e9-49d9-81b7-3829a6f50471}</UniqueIdentifier>
    </Filter>
    <Filter Include="src\Core">
      <UniqueIdentifier>{b0b0426c-34c2-45bc-ad82-4e9d98f70276}</UniqueIdentifier>
    </Filter>
    <Filter Include="src\Buildings">
      <UniqueIdentifier>{8eb9752f-a43b-4bdb-9562-e521a2bdef06}</UniqueIdentifier>
    </Filter>
    <Filter Include="src\Troops">
      <UniqueIdentifier>{3229c716-4f49-499f-9475-b9c8af0293bd}</UniqueIdentifier>
    </Filter>
    <Filter Include="src\Scenes">
      <UniqueIdentifier>{16adef79-7055-42de-97b4-0b4e6568f7ef}</UniqueIdentifier>
    </Filter>
  </ItemGroup>
  <ItemGroup>
    <ClCompile Include="main.cpp">
      <Filter>win32</Filter>
    </ClCompile>
    <ClCompile Include="..\Classes\AppDelegate.cpp">
      <Filter>src</Filter>
    </ClCompile>
    <ClCompile Include="..\Classes\HelloWorldScene.cpp">
      <Filter>src</Filter>
    </ClCompile>
    <ClCompile Include="..\Classes\GameEntity.cpp">
      <Filter>src\Core</Filter>
    </ClCompile>
    <ClCompile Include="..\Classes\Building.cpp">
      <Filter>src\Buildings</Filter>
    </ClCompile>
    <ClCompile Include="..\Classes\Troop.cpp">
      <Filter>src\Troops</Filter>
    </ClCompile>
    <ClCompile Include="..\Classes\BattleManager.cpp">
      <Filter>src\Core</Filter>
    </ClCompile>
    <ClCompile Include="..\Classes\GameManager.cpp">
      <Filter>src\Core</Filter>
    </ClCompile>
    <ClCompile Include="..\Classes\GameUI.cpp">
      <Filter>src\Scenes</Filter>
    </ClCompile>
    <ClCompile Include="..\Classes\BattleScene.cpp">
      <Filter>src\Scenes</Filter>
    </ClCompile>
    <ClCompile Include="..\Classes\LevelMapScene.cpp">
      <Filter>src\Scenes</Filter>
    </ClCompile>
    <ClCompile Include="..\Classes\loadscene.cpp">
      <Filter>src</Filter>
    </ClCompile>
    <ClCompile Include="..\Classes\MenuBuilder.cpp">
      <Filter>src</Filter>
    </ClCompile>
  </ItemGroup>
  <ItemGroup>
    <ClInclude Include="main.h">
      <Filter>win32</Filter>
    </ClInclude>
    <ClInclude Include="..\Classes\AppDelegate.h">
      <Filter>src</Filter>
    </ClInclude>
    <ClInclude Include="..\Classes\HelloWorldScene.h">
      <Filter>src</Filter>
    </ClInclude>
    <ClInclude Include="..\Classes\GameEntity.h">
      <Filter>src\Core</Filter>
    </ClInclude>
    <ClInclude Include="..\Classes\Building.h">
      <Filter>src\Buildings</Filter>
    </ClInclude>
    <ClInclude Include="..\Classes\Troop.h">
      <Filter>src\Troops</Filter>
    </ClInclude>
    <ClInclude Include="..\Classes\BattleManager.h">
      <Filter>src\Core</Filter>
    </ClInclude>
    <ClInclude Include="..\Classes\GameManager.h">
      <Filter>src\Core</Filter>
    </ClInclude>
    <ClInclude Include="..\Classes\GameUI.h">
      <Filter>src\Scenes</Filter>
    </ClInclude>
    <ClInclude Include="..\Classes\BattleScene.h">
      <Filter>src\Scenes</Filter>
    </ClInclude>
    <ClInclude Include="..\Classes\LevelMapScene.h">
      <Filter>src\Scenes</Filter>
    </ClInclude>
    <ClInclude Include="..\Classes\loadscene.h">
      <Filter>src</Filter>
    </ClInclude>
    <ClInclude Include="..\Classes\MenuBuilder.h">
      <Filter>src</Filter>
    </ClInclude>
  </ItemGroup>
  <ItemGroup>
    <ResourceCompile Include="game.rc">
      <Filter>resource</Filter>
    </ResourceCompile>
  </ItemGroup>
</Project>